PODS:
  - SnapshotTesting (1.2.0)

DEPENDENCIES:
  - SnapshotTesting (~> 1.2)

SPEC REPOS:
  https://github.com/cocoapods/specs.git:
    - SnapshotTesting

SPEC CHECKSUMS:
  SnapshotTesting: bd92e40aaef4a735f7950d42cb0b8ea7c3716b00

PODFILE CHECKSUM: fc14a73fd88b4c4ec9a2f074f21a8cecb9d455df

COCOAPODS: 1.6.1
